
Microsoft Visual Studio Solution File, Format Version 12.00
# Visual Studio Version 17
VisualStudioVersion = 17.0.32112.339
MinimumVisualStudioVersion = 10.0.40219.1
Project("{8BC9CEB8-8B4A-11D0-8D11-00A0C91BC942}") = "restir", "restir\restir.vcxproj", "{1EF1DE28-642D-4216-B2B3-CB456C99D435}"
EndProject
Project("{8BC9CEB8-8B4A-11D0-8D11-00A0C91BC942}") = "regir", "regir\regir.vcxproj", "{C90B0FB0-CCDA-4EA4-8D67-31B750EFD3ED}"
EndProject
Project("{8BC9CEB8-8B4A-11D0-8D11-00A0C91BC942}") = "path_tracing", "path_tracing\path_tracing.vcxproj", "{04902764-3826-4DCF-8969-29536353315F}"
EndProject
Project("{8BC9CEB8-8B4A-11D0-8D11-00A0C91BC942}") = "neural_radiance_caching", "neural_radiance_caching\neural_radiance_caching.vcxproj", "{E756F79E-B5CF-4EFB-8C50-FB6E5DF427D5}"
EndProject
Project("{8BC9CEB8-8B4A-11D0-8D11-00A0C91BC942}") = "svgf", "svgf\svgf.vcxproj", "{FB67C439-14C6-4C48-9742-22F261A1DB3A}"
EndProject
Project("{8BC9CEB8-8B4A-11D0-8D11-00A0C91BC942}") = "tfdm", "tfdm\tfdm.vcxproj", "{C1ADE2D6-1C18-4558-A454-036EE13BAC70}"
EndProject
Global
	GlobalSection(SolutionConfigurationPlatforms) = preSolution
		Debug|x64 = Debug|x64
		Release|x64 = Release|x64
	EndGlobalSection
	GlobalSection(ProjectConfigurationPlatforms) = postSolution
		{1EF1DE28-642D-4216-B2B3-CB456C99D435}.Debug|x64.ActiveCfg = Debug|x64
		{1EF1DE28-642D-4216-B2B3-CB456C99D435}.Debug|x64.Build.0 = Debug|x64
		{1EF1DE28-642D-4216-B2B3-CB456C99D435}.Release|x64.ActiveCfg = Release|x64
		{1EF1DE28-642D-4216-B2B3-CB456C99D435}.Release|x64.Build.0 = Release|x64
		{C90B0FB0-CCDA-4EA4-8D67-31B750EFD3ED}.Debug|x64.ActiveCfg = Debug|x64
		{C90B0FB0-CCDA-4EA4-8D67-31B750EFD3ED}.Debug|x64.Build.0 = Debug|x64
		{C90B0FB0-CCDA-4EA4-8D67-31B750EFD3ED}.Release|x64.ActiveCfg = Release|x64
		{C90B0FB0-CCDA-4EA4-8D67-31B750EFD3ED}.Release|x64.Build.0 = Release|x64
		{04902764-3826-4DCF-8969-29536353315F}.Debug|x64.ActiveCfg = Debug|x64
		{04902764-3826-4DCF-8969-29536353315F}.Debug|x64.Build.0 = Debug|x64
		{04902764-3826-4DCF-8969-29536353315F}.Release|x64.ActiveCfg = Release|x64
		{04902764-3826-4DCF-8969-29536353315F}.Release|x64.Build.0 = Release|x64
		{E756F79E-B5CF-4EFB-8C50-FB6E5DF427D5}.Debug|x64.ActiveCfg = Debug|x64
		{E756F79E-B5CF-4EFB-8C50-FB6E5DF427D5}.Debug|x64.Build.0 = Debug|x64
		{E756F79E-B5CF-4EFB-8C50-FB6E5DF427D5}.Release|x64.ActiveCfg = Release|x64
		{E756F79E-B5CF-4EFB-8C50-FB6E5DF427D5}.Release|x64.Build.0 = Release|x64
		{FB67C439-14C6-4C48-9742-22F261A1DB3A}.Debug|x64.ActiveCfg = Debug|x64
		{FB67C439-14C6-4C48-9742-22F261A1DB3A}.Debug|x64.Build.0 = Debug|x64
		{FB67C439-14C6-4C48-9742-22F261A1DB3A}.Release|x64.ActiveCfg = Release|x64
		{FB67C439-14C6-4C48-9742-22F261A1DB3A}.Release|x64.Build.0 = Release|x64
		{C1ADE2D6-1C18-4558-A454-036EE13BAC70}.Debug|x64.ActiveCfg = Debug|x64
		{C1ADE2D6-1C18-4558-A454-036EE13BAC70}.Debug|x64.Build.0 = Debug|x64
		{C1ADE2D6-1C18-4558-A454-036EE13BAC70}.Release|x64.ActiveCfg = Release|x64
		{C1ADE2D6-1C18-4558-A454-036EE13BAC70}.Release|x64.Build.0 = Release|x64
	EndGlobalSection
	GlobalSection(SolutionProperties) = preSolution
		HideSolutionNode = FALSE
	EndGlobalSection
	GlobalSection(ExtensibilityGlobals) = postSolution
		SolutionGuid = {A8F8573A-F29E-425B-A9D4-E7E82C79D3DB}
	EndGlobalSection
EndGlobal
