<?xml version="1.0" encoding="utf-8"?>
<Project ToolsVersion="4.0" xmlns="http://schemas.microsoft.com/developer/msbuild/2003">
  <ItemGroup>
    <Filter Include="non-essentials">
      <UniqueIdentifier>{6a7a6321-df38-4bc0-946b-5ffa0c754713}</UniqueIdentifier>
    </Filter>
    <Filter Include="non-essentials\ext">
      <UniqueIdentifier>{e8ab81e0-a20c-43cc-b39f-e8410987f66d}</UniqueIdentifier>
    </Filter>
    <Filter Include="non-essentials\shaders">
      <UniqueIdentifier>{f33b0876-e7b2-4cb3-963d-6338f19ffb9d}</UniqueIdentifier>
    </Filter>
    <Filter Include="non-essentials\ext\glfw">
      <UniqueIdentifier>{ae362f0b-b9f2-4ab4-8b15-30db48768794}</UniqueIdentifier>
    </Filter>
    <Filter Include="non-essentials\ext\gl3w">
      <UniqueIdentifier>{87947888-cd06-4038-a468-6d6fb7738394}</UniqueIdentifier>
    </Filter>
    <Filter Include="non-essentials\utils">
      <UniqueIdentifier>{6f26d21a-72b8-449a-b8dd-7ac1d7c4bfb2}</UniqueIdentifier>
    </Filter>
    <Filter Include="non-essentials\ext\imgui">
      <UniqueIdentifier>{1566c5b8-0bee-4b3b-b517-867c59af6517}</UniqueIdentifier>
    </Filter>
    <Filter Include="non-essentials\ext\imgui\core">
      <UniqueIdentifier>{8920205a-dfad-4637-9107-5d815b347fd1}</UniqueIdentifier>
    </Filter>
    <Filter Include="ext/tiny-cuda-nn">
      <UniqueIdentifier>{cc3acfb7-3d8b-4e0d-a695-bfc745f362c6}</UniqueIdentifier>
    </Filter>
    <Filter Include="ext/tiny-cuda-nn\encodings">
      <UniqueIdentifier>{6ba47e70-0045-498a-abef-ca340a0fe4e6}</UniqueIdentifier>
    </Filter>
    <Filter Include="ext/tiny-cuda-nn\losses">
      <UniqueIdentifier>{59dba6bd-1148-4a9a-966f-391e021adc0f}</UniqueIdentifier>
    </Filter>
    <Filter Include="ext/tiny-cuda-nn\networks">
      <UniqueIdentifier>{82f168a6-eadf-4e5d-99d1-1e0d98752bd8}</UniqueIdentifier>
    </Filter>
    <Filter Include="ext/tiny-cuda-nn\optimizers">
      <UniqueIdentifier>{f17844ec-4465-4ce4-a871-6bf6d09057c5}</UniqueIdentifier>
    </Filter>
    <Filter Include="non-essentials\ext\tinyexr">
      <UniqueIdentifier>{c456869c-21c8-4339-8787-6e91fb97141b}</UniqueIdentifier>
    </Filter>
    <Filter Include="non-essentials\ext\tinyexr\miniz">
      <UniqueIdentifier>{7a7f3879-e89a-4af6-b5e9-f51ab13dcb28}</UniqueIdentifier>
    </Filter>
  </ItemGroup>
  <ItemGroup>
    <ClCompile Include="neural_radiance_caching_main.cpp" />
    <ClCompile Include="..\common\dds_loader.cpp">
      <Filter>non-essentials</Filter>
    </ClCompile>
    <ClCompile Include="..\utils\gl_util.cpp">
      <Filter>non-essentials\utils</Filter>
    </ClCompile>
    <ClCompile Include="..\ext\gl3w\gl3w.c">
      <Filter>non-essentials\ext\gl3w</Filter>
    </ClCompile>
    <ClCompile Include="..\utils\cuda_util.cpp">
      <Filter>non-essentials\utils</Filter>
    </ClCompile>
    <ClCompile Include="..\utils\optix_util.cpp">
      <Filter>non-essentials\utils</Filter>
    </ClCompile>
    <ClCompile Include="..\ext\stb_image_write_compile.cpp">
      <Filter>non-essentials\ext</Filter>
    </ClCompile>
    <ClCompile Include="..\common\common_host.cpp">
      <Filter>non-essentials</Filter>
    </ClCompile>
    <ClCompile Include="..\ext\imgui\backends\imgui_impl_opengl3.cpp">
      <Filter>non-essentials\ext\imgui</Filter>
    </ClCompile>
    <ClCompile Include="..\ext\imgui\backends\imgui_impl_glfw.cpp">
      <Filter>non-essentials\ext\imgui</Filter>
    </ClCompile>
    <ClCompile Include="..\ext\imgui\imgui.cpp">
      <Filter>non-essentials\ext\imgui\core</Filter>
    </ClCompile>
    <ClCompile Include="..\ext\imgui\imgui_draw.cpp">
      <Filter>non-essentials\ext\imgui\core</Filter>
    </ClCompile>
    <ClCompile Include="..\ext\imgui\imgui_tables.cpp">
      <Filter>non-essentials\ext\imgui\core</Filter>
    </ClCompile>
    <ClCompile Include="..\ext\imgui\imgui_widgets.cpp">
      <Filter>non-essentials\ext\imgui\core</Filter>
    </ClCompile>
    <ClCompile Include="..\ext\tinyexr\tinyexr.cc">
      <Filter>non-essentials\ext\tinyexr</Filter>
    </ClCompile>
    <ClCompile Include="..\ext\tinyexr\deps\miniz\miniz.c">
      <Filter>non-essentials\ext\tinyexr\miniz</Filter>
    </ClCompile>
  </ItemGroup>
  <ItemGroup>
    <ClInclude Include="neural_radiance_caching_shared.h" />
    <ClInclude Include="..\common\common_shared.h">
      <Filter>non-essentials</Filter>
    </ClInclude>
    <ClInclude Include="..\common\dds_loader.h">
      <Filter>non-essentials</Filter>
    </ClInclude>
    <ClInclude Include="..\utils\gl_util.h">
      <Filter>non-essentials\utils</Filter>
    </ClInclude>
    <ClInclude Include="..\ext\stb_image_write.h">
      <Filter>non-essentials\ext</Filter>
    </ClInclude>
    <ClInclude Include="..\ext\glfw\include\GLFW\glfw3.h">
      <Filter>non-essentials\ext\glfw</Filter>
    </ClInclude>
    <ClInclude Include="..\ext\glfw\include\GLFW\glfw3native.h">
      <Filter>non-essentials\ext\glfw</Filter>
    </ClInclude>
    <ClInclude Include="..\ext\gl3w\include\KHR\khrplatform.h">
      <Filter>non-essentials\ext\gl3w</Filter>
    </ClInclude>
    <ClInclude Include="..\ext\gl3w\include\GL\gl3w.h">
      <Filter>non-essentials\ext\gl3w</Filter>
    </ClInclude>
    <ClInclude Include="..\ext\gl3w\include\GL\glcorearb.h">
      <Filter>non-essentials\ext\gl3w</Filter>
    </ClInclude>
    <ClInclude Include="..\utils\cuda_util.h">
      <Filter>non-essentials\utils</Filter>
    </ClInclude>
    <ClInclude Include="..\utils\optix_util.h">
      <Filter>non-essentials\utils</Filter>
    </ClInclude>
    <ClInclude Include="..\utils\optix_util_private.h">
      <Filter>non-essentials\utils</Filter>
    </ClInclude>
    <ClInclude Include="..\utils\optixu_on_cudau.h">
      <Filter>non-essentials\utils</Filter>
    </ClInclude>
    <ClInclude Include="..\common\common_host.h">
      <Filter>non-essentials</Filter>
    </ClInclude>
    <ClInclude Include="..\common\common_device.cuh">
      <Filter>non-essentials</Filter>
    </ClInclude>
    <ClInclude Include="..\ext\imgui\backends\imgui_impl_glfw.h">
      <Filter>non-essentials\ext\imgui</Filter>
    </ClInclude>
    <ClInclude Include="..\ext\imgui\backends\imgui_impl_opengl3.h">
      <Filter>non-essentials\ext\imgui</Filter>
    </ClInclude>
    <ClInclude Include="..\ext\imgui\backends\imgui_impl_opengl3_loader.h">
      <Filter>non-essentials\ext\imgui</Filter>
    </ClInclude>
    <ClInclude Include="..\ext\imgui\imgui.h">
      <Filter>non-essentials\ext\imgui\core</Filter>
    </ClInclude>
    <ClInclude Include="..\ext\imgui\imgui_internal.h">
      <Filter>non-essentials\ext\imgui\core</Filter>
    </ClInclude>
    <ClInclude Include="..\ext\imgui\imstb_rectpack.h">
      <Filter>non-essentials\ext\imgui\core</Filter>
    </ClInclude>
    <ClInclude Include="..\ext\imgui\imstb_textedit.h">
      <Filter>non-essentials\ext\imgui\core</Filter>
    </ClInclude>
    <ClInclude Include="..\ext\imgui\imstb_truetype.h">
      <Filter>non-essentials\ext\imgui\core</Filter>
    </ClInclude>
    <ClInclude Include="..\ext\imgui\imconfig.h">
      <Filter>non-essentials\ext\imgui\core</Filter>
    </ClInclude>
    <ClInclude Include="..\ext\tiny-cuda-nn\include\tiny-cuda-nn\encodings\identity.h">
      <Filter>ext/tiny-cuda-nn\encodings</Filter>
    </ClInclude>
    <ClInclude Include="..\ext\tiny-cuda-nn\include\tiny-cuda-nn\encodings\nrc.h">
      <Filter>ext/tiny-cuda-nn\encodings</Filter>
    </ClInclude>
    <ClInclude Include="..\ext\tiny-cuda-nn\include\tiny-cuda-nn\encodings\oneblob.h">
      <Filter>ext/tiny-cuda-nn\encodings</Filter>
    </ClInclude>
    <ClInclude Include="..\ext\tiny-cuda-nn\include\tiny-cuda-nn\encodings\spherical_harmonics.h">
      <Filter>ext/tiny-cuda-nn\encodings</Filter>
    </ClInclude>
    <ClInclude Include="..\ext\tiny-cuda-nn\include\tiny-cuda-nn\encodings\triangle_wave.h">
      <Filter>ext/tiny-cuda-nn\encodings</Filter>
    </ClInclude>
    <ClInclude Include="..\ext\tiny-cuda-nn\include\tiny-cuda-nn\encodings\composite.h">
      <Filter>ext/tiny-cuda-nn\encodings</Filter>
    </ClInclude>
    <ClInclude Include="..\ext\tiny-cuda-nn\include\tiny-cuda-nn\encodings\frequency.h">
      <Filter>ext/tiny-cuda-nn\encodings</Filter>
    </ClInclude>
    <ClInclude Include="..\ext\tiny-cuda-nn\include\tiny-cuda-nn\encodings\grid.h">
      <Filter>ext/tiny-cuda-nn\encodings</Filter>
    </ClInclude>
    <ClInclude Include="..\ext\tiny-cuda-nn\include\tiny-cuda-nn\losses\l2.h">
      <Filter>ext/tiny-cuda-nn\losses</Filter>
    </ClInclude>
    <ClInclude Include="..\ext\tiny-cuda-nn\include\tiny-cuda-nn\losses\mape.h">
      <Filter>ext/tiny-cuda-nn\losses</Filter>
    </ClInclude>
    <ClInclude Include="..\ext\tiny-cuda-nn\include\tiny-cuda-nn\losses\relative_l1.h">
      <Filter>ext/tiny-cuda-nn\losses</Filter>
    </ClInclude>
    <ClInclude Include="..\ext\tiny-cuda-nn\include\tiny-cuda-nn\losses\relative_l2.h">
      <Filter>ext/tiny-cuda-nn\losses</Filter>
    </ClInclude>
    <ClInclude Include="..\ext\tiny-cuda-nn\include\tiny-cuda-nn\losses\relative_l2_luminance.h">
      <Filter>ext/tiny-cuda-nn\losses</Filter>
    </ClInclude>
    <ClInclude Include="..\ext\tiny-cuda-nn\include\tiny-cuda-nn\losses\smape.h">
      <Filter>ext/tiny-cuda-nn\losses</Filter>
    </ClInclude>
    <ClInclude Include="..\ext\tiny-cuda-nn\include\tiny-cuda-nn\losses\variance_is.h">
      <Filter>ext/tiny-cuda-nn\losses</Filter>
    </ClInclude>
    <ClInclude Include="..\ext\tiny-cuda-nn\include\tiny-cuda-nn\losses\cross_entropy.h">
      <Filter>ext/tiny-cuda-nn\losses</Filter>
    </ClInclude>
    <ClInclude Include="..\ext\tiny-cuda-nn\include\tiny-cuda-nn\losses\l1.h">
      <Filter>ext/tiny-cuda-nn\losses</Filter>
    </ClInclude>
    <ClInclude Include="..\ext\tiny-cuda-nn\include\tiny-cuda-nn\networks\cutlass_resnet.h">
      <Filter>ext/tiny-cuda-nn\networks</Filter>
    </ClInclude>
    <ClInclude Include="..\ext\tiny-cuda-nn\include\tiny-cuda-nn\networks\fully_fused_mlp.h">
      <Filter>ext/tiny-cuda-nn\networks</Filter>
    </ClInclude>
    <ClInclude Include="..\ext\tiny-cuda-nn\include\tiny-cuda-nn\networks\cutlass_mlp.h">
      <Filter>ext/tiny-cuda-nn\networks</Filter>
    </ClInclude>
    <ClInclude Include="..\ext\tiny-cuda-nn\include\tiny-cuda-nn\optimizers\batched.h">
      <Filter>ext/tiny-cuda-nn\optimizers</Filter>
    </ClInclude>
    <ClInclude Include="..\ext\tiny-cuda-nn\include\tiny-cuda-nn\optimizers\ema.h">
      <Filter>ext/tiny-cuda-nn\optimizers</Filter>
    </ClInclude>
    <ClInclude Include="..\ext\tiny-cuda-nn\include\tiny-cuda-nn\optimizers\exponential_decay.h">
      <Filter>ext/tiny-cuda-nn\optimizers</Filter>
    </ClInclude>
    <ClInclude Include="..\ext\tiny-cuda-nn\include\tiny-cuda-nn\optimizers\lookahead.h">
      <Filter>ext/tiny-cuda-nn\optimizers</Filter>
    </ClInclude>
    <ClInclude Include="..\ext\tiny-cuda-nn\include\tiny-cuda-nn\optimizers\novograd.h">
      <Filter>ext/tiny-cuda-nn\optimizers</Filter>
    </ClInclude>
    <ClInclude Include="..\ext\tiny-cuda-nn\include\tiny-cuda-nn\optimizers\sgd.h">
      <Filter>ext/tiny-cuda-nn\optimizers</Filter>
    </ClInclude>
    <ClInclude Include="..\ext\tiny-cuda-nn\include\tiny-cuda-nn\optimizers\shampoo.h">
      <Filter>ext/tiny-cuda-nn\optimizers</Filter>
    </ClInclude>
    <ClInclude Include="..\ext\tiny-cuda-nn\include\tiny-cuda-nn\optimizers\adam.h">
      <Filter>ext/tiny-cuda-nn\optimizers</Filter>
    </ClInclude>
    <ClInclude Include="..\ext\tiny-cuda-nn\include\tiny-cuda-nn\optimizers\average.h">
      <Filter>ext/tiny-cuda-nn\optimizers</Filter>
    </ClInclude>
    <ClInclude Include="..\ext\tiny-cuda-nn\include\tiny-cuda-nn\common.h">
      <Filter>ext/tiny-cuda-nn</Filter>
    </ClInclude>
    <ClInclude Include="..\ext\tiny-cuda-nn\include\tiny-cuda-nn\common_device.h">
      <Filter>ext/tiny-cuda-nn</Filter>
    </ClInclude>
    <ClInclude Include="..\ext\tiny-cuda-nn\include\tiny-cuda-nn\config.h">
      <Filter>ext/tiny-cuda-nn</Filter>
    </ClInclude>
    <ClInclude Include="..\ext\tiny-cuda-nn\include\tiny-cuda-nn\cpp_api.h">
      <Filter>ext/tiny-cuda-nn</Filter>
    </ClInclude>
    <ClInclude Include="..\ext\tiny-cuda-nn\include\tiny-cuda-nn\cuda_graph.h">
      <Filter>ext/tiny-cuda-nn</Filter>
    </ClInclude>
    <ClInclude Include="..\ext\tiny-cuda-nn\include\tiny-cuda-nn\cutlass_matmul.h">
      <Filter>ext/tiny-cuda-nn</Filter>
    </ClInclude>
    <ClInclude Include="..\ext\tiny-cuda-nn\include\tiny-cuda-nn\encoding.h">
      <Filter>ext/tiny-cuda-nn</Filter>
    </ClInclude>
    <ClInclude Include="..\ext\tiny-cuda-nn\include\tiny-cuda-nn\gpu_matrix.h">
      <Filter>ext/tiny-cuda-nn</Filter>
    </ClInclude>
    <ClInclude Include="..\ext\tiny-cuda-nn\include\tiny-cuda-nn\gpu_memory.h">
      <Filter>ext/tiny-cuda-nn</Filter>
    </ClInclude>
    <ClInclude Include="..\ext\tiny-cuda-nn\include\tiny-cuda-nn\gpu_memory_json.h">
      <Filter>ext/tiny-cuda-nn</Filter>
    </ClInclude>
    <ClInclude Include="..\ext\tiny-cuda-nn\include\tiny-cuda-nn\loss.h">
      <Filter>ext/tiny-cuda-nn</Filter>
    </ClInclude>
    <ClInclude Include="..\ext\tiny-cuda-nn\include\tiny-cuda-nn\matrix_layout.h">
      <Filter>ext/tiny-cuda-nn</Filter>
    </ClInclude>
    <ClInclude Include="..\ext\tiny-cuda-nn\include\tiny-cuda-nn\multi_stream.h">
      <Filter>ext/tiny-cuda-nn</Filter>
    </ClInclude>
    <ClInclude Include="..\ext\tiny-cuda-nn\include\tiny-cuda-nn\network.h">
      <Filter>ext/tiny-cuda-nn</Filter>
    </ClInclude>
    <ClInclude Include="..\ext\tiny-cuda-nn\include\tiny-cuda-nn\network_with_input_encoding.h">
      <Filter>ext/tiny-cuda-nn</Filter>
    </ClInclude>
    <ClInclude Include="..\ext\tiny-cuda-nn\include\tiny-cuda-nn\object.h">
      <Filter>ext/tiny-cuda-nn</Filter>
    </ClInclude>
    <ClInclude Include="..\ext\tiny-cuda-nn\include\tiny-cuda-nn\optimizer.h">
      <Filter>ext/tiny-cuda-nn</Filter>
    </ClInclude>
    <ClInclude Include="..\ext\tiny-cuda-nn\include\tiny-cuda-nn\random.h">
      <Filter>ext/tiny-cuda-nn</Filter>
    </ClInclude>
    <ClInclude Include="..\ext\tiny-cuda-nn\include\tiny-cuda-nn\reduce_sum.h">
      <Filter>ext/tiny-cuda-nn</Filter>
    </ClInclude>
    <ClInclude Include="..\ext\tiny-cuda-nn\include\tiny-cuda-nn\trainer.h">
      <Filter>ext/tiny-cuda-nn</Filter>
    </ClInclude>
    <ClInclude Include="network_interface.h" />
    <ClInclude Include="..\ext\stb_image.h">
      <Filter>non-essentials\ext</Filter>
    </ClInclude>
    <ClInclude Include="..\ext\tinyexr\tinyexr.h">
      <Filter>non-essentials\ext\tinyexr</Filter>
    </ClInclude>
    <ClInclude Include="..\ext\tinyexr\deps\miniz\miniz.h">
      <Filter>non-essentials\ext\tinyexr\miniz</Filter>
    </ClInclude>
  </ItemGroup>
  <ItemGroup>
    <CudaCompile Include="optix_kernels.cu" />
    <CudaCompile Include="copy_buffers.cu" />
    <CudaCompile Include="kernels.cu" />
    <CudaCompile Include="network_interface.cu" />
  </ItemGroup>
  <ItemGroup>
    <CopyFileToFolders Include="shaders\drawOptiXResult.frag">
      <Filter>non-essentials\shaders</Filter>
    </CopyFileToFolders>
    <CopyFileToFolders Include="shaders\drawOptiXResult.vert">
      <Filter>non-essentials\shaders</Filter>
    </CopyFileToFolders>
    <CopyFileToFolders Include="..\ext\prebuilt\bin\assimp-vc143-mt.dll">
      <Filter>non-essentials\ext</Filter>
    </CopyFileToFolders>
  </ItemGroup>
</Project>